
Microsoft Visual Studio Solution File, Format Version 12.00
# Visual Studio Version 16
VisualStudioVersion = 16.0.29806.167
MinimumVisualStudioVersion = 10.0.40219.1
Project("{8BC9CEB8-8B4A-11D0-8D11-00A0C91BC942}") = "polymorphe_version_4", "polymorphe_version_4\polymorphe_version_4.vcxproj", "{C720F24B-0935-49D3-AE4C-AAADE2090D70}"
EndProject
Global
	GlobalSection(SolutionConfigurationPlatforms) = preSolution
		Debug|x64 = Debug|x64
		Debug|x86 = Debug|x86
		Release|x64 = Release|x64
		Release|x86 = Release|x86
	EndGlobalSection
	GlobalSection(ProjectConfigurationPlatforms) = postSolution
		{C720F24B-0935-49D3-AE4C-AAADE2090D70}.Debug|x64.ActiveCfg = Debug|x64
		{C720F24B-0935-49D3-AE4C-AAADE2090D70}.Debug|x64.Build.0 = Debug|x64
		{C720F24B-0935-49D3-AE4C-AAADE2090D70}.Debug|x86.ActiveCfg = Debug|Win32
		{C720F24B-0935-49D3-AE4C-AAADE2090D70}.Debug|x86.Build.0 = Debug|Win32
		{C720F24B-0935-49D3-AE4C-AAADE2090D70}.Release|x64.ActiveCfg = Release|x64
		{C720F24B-0935-49D3-AE4C-AAADE2090D70}.Release|x64.Build.0 = Release|x64
		{C720F24B-0935-49D3-AE4C-AAADE2090D70}.Release|x86.ActiveCfg = Release|Win32
		{C720F24B-0935-49D3-AE4C-AAADE2090D70}.Release|x86.Build.0 = Release|Win32
	EndGlobalSection
	GlobalSection(SolutionProperties) = preSolution
		HideSolutionNode = FALSE
	EndGlobalSection
	GlobalSection(ExtensibilityGlobals) = postSolution
		SolutionGuid = {C88F688F-982A-454C-BD63-E2220599D494}
	EndGlobalSection
EndGlobal
